// !$*UTF8*$!
{
	archiveVersion = 1;
	classes = {
	};
	objectVersion = 56;
	objects = {

/* Begin PBXBuildFile section */
		85A953A52B0C463200504FCE /* tAivonApp.swift in Sources */ = {isa = PBXBuildFile; fileRef = 85A953A42B0C463200504FCE /* tAivonApp.swift */; };
		85A953A72B0C463200504FCE /* Persistence.swift in Sources */ = {isa = PBXBuildFile; fileRef = 85A953A62B0C463200504FCE /* Persistence.swift */; };
		85A953AA2B0C463200504FCE /* tAivon.xcdatamodeld in Sources */ = {isa = PBXBuildFile; fileRef = 85A953A82B0C463200504FCE /* tAivon.xcdatamodeld */; };
		85A953AC2B0C463200504FCE /* ContentView.swift in Sources */ = {isa = PBXBuildFile; fileRef = 85A953AB2B0C463200504FCE /* ContentView.swift */; };
		85A953AE2B0C463400504FCE /* Assets.xcassets in Resources */ = {isa = PBXBuildFile; fileRef = 85A953AD2B0C463400504FCE /* Assets.xcassets */; };
		85A953B22B0C463400504FCE /* Preview Assets.xcassets in Resources */ = {isa = PBXBuildFile; fileRef = 85A953B12B0C463400504FCE /* Preview Assets.xcassets */; };
		85A953BC2B0C463400504FCE /* tAivonTests.swift in Sources */ = {isa = PBXBuildFile; fileRef = 85A953BB2B0C463400504FCE /* tAivonTests.swift */; };
		85A953C62B0C463500504FCE /* tAivonUITests.swift in Sources */ = {isa = PBXBuildFile; fileRef = 85A953C52B0C463500504FCE /* tAivonUITests.swift */; };
		85A953C82B0C463500504FCE /* tAivonUITestsLaunchTests.swift in Sources */ = {isa = PBXBuildFile; fileRef = 85A953C72B0C463500504FCE /* tAivonUITestsLaunchTests.swift */; };
/* End PBXBuildFile section */

/* Begin PBXContainerItemProxy section */
		85A953B82B0C463400504FCE /* PBXContainerItemProxy */ = {
			isa = PBXContainerItemProxy;
			containerPortal = 85A953992B0C463200504FCE /* Project object */;
			proxyType = 1;
			remoteGlobalIDString = 85A953A02B0C463200504FCE;
			remoteInfo = tAivon;
		};
		85A953C22B0C463500504FCE /* PBXContainerItemProxy */ = {
			isa = PBXContainerItemProxy;
			containerPortal = 85A953992B0C463200504FCE /* Project object */;
			proxyType = 1;
			remoteGlobalIDString = 85A953A02B0C463200504FCE;
			remoteInfo = tAivon;
		};
/* End PBXContainerItemProxy section */

/* Begin PBXFileReference section */
		85A953A12B0C463200504FCE /* tAivon.app */ = {isa = PBXFileReference; explicitFileType = wrapper.application; includeInIndex = 0; path = tAivon.app; sourceTree = BUILT_PRODUCTS_DIR; };
		85A953A42B0C463200504FCE /* tAivonApp.swift */ = {isa = PBXFileReference; lastKnownFileType = sourcecode.swift; path = tAivonApp.swift; sourceTree = "<group>"; };
		85A953A62B0C463200504FCE /* Persistence.swift */ = {isa = PBXFileReference; lastKnownFileType = sourcecode.swift; path = Persistence.swift; sourceTree = "<group>"; };
		85A953A92B0C463200504FCE /* tAivon.xcdatamodel */ = {isa = PBXFileReference; lastKnownFileType = wrapper.xcdatamodel; path = tAivon.xcdatamodel; sourceTree = "<group>"; };
		85A953AB2B0C463200504FCE /* ContentView.swift */ = {isa = PBXFileReference; lastKnownFileType = sourcecode.swift; path = ContentView.swift; sourceTree = "<group>"; };
		85A953AD2B0C463400504FCE /* Assets.xcassets */ = {isa = PBXFileReference; lastKnownFileType = folder.assetcatalog; path = Assets.xcassets; sourceTree = "<group>"; };
		85A953AF2B0C463400504FCE /* tAivon.entitlements */ = {isa = PBXFileReference; lastKnownFileType = text.plist.entitlements; path = tAivon.entitlements; sourceTree = "<group>"; };
		85A953B12B0C463400504FCE /* Preview Assets.xcassets */ = {isa = PBXFileReference; lastKnownFileType = folder.assetcatalog; path = "Preview Assets.xcassets"; sourceTree = "<group>"; };
		85A953B72B0C463400504FCE /* tAivonTests.xctest */ = {isa = PBXFileReference; explicitFileType = wrapper.cfbundle; includeInIndex = 0; path = tAivonTests.xctest; sourceTree = BUILT_PRODUCTS_DIR; };
		85A953BB2B0C463400504FCE /* tAivonTests.swift */ = {isa = PBXFileReference; lastKnownFileType = sourcecode.swift; path = tAivonTests.swift; sourceTree = "<group>"; };
		85A953C12B0C463500504FCE /* tAivonUITests.xctest */ = {isa = PBXFileReference; explicitFileType = wrapper.cfbundle; includeInIndex = 0; path = tAivonUITests.xctest; sourceTree = BUILT_PRODUCTS_DIR; };
		85A953C52B0C463500504FCE /* tAivonUITests.swift */ = {isa = PBXFileReference; lastKnownFileType = sourcecode.swift; path = tAivonUITests.swift; sourceTree = "<group>"; };
		85A953C72B0C463500504FCE /* tAivonUITestsLaunchTests.swift */ = {isa = PBXFileReference; lastKnownFileType = sourcecode.swift; path = tAivonUITestsLaunchTests.swift; sourceTree = "<group>"; };
/* End PBXFileReference section */

/* Begin PBXFrameworksBuildPhase section */
		85A9539E2B0C463200504FCE /* Frameworks */ = {
			isa = PBXFrameworksBuildPhase;
			buildActionMask = 2147483647;
			files = (
			);
			runOnlyForDeploymentPostprocessing = 0;
		};
		85A953B42B0C463400504FCE /* Frameworks */ = {
			isa = PBXFrameworksBuildPhase;
			buildActionMask = 2147483647;
			files = (
			);
			runOnlyForDeploymentPostprocessing = 0;
		};
		85A953BE2B0C463500504FCE /* Frameworks */ = {
			isa = PBXFrameworksBuildPhase;
			buildActionMask = 2147483647;
			files = (
			);
			runOnlyForDeploymentPostprocessing = 0;
		};
/* End PBXFrameworksBuildPhase section */

/* Begin PBXGroup section */
		85A953982B0C463200504FCE = {
			isa = PBXGroup;
			children = (
				85A953A32B0C463200504FCE /* tAivon */,
				85A953BA2B0C463400504FCE /* tAivonTests */,
				85A953C42B0C463500504FCE /* tAivonUITests */,
				85A953A22B0C463200504FCE /* Products */,
			);
			sourceTree = "<group>";
		};
		85A953A22B0C463200504FCE /* Products */ = {
			isa = PBXGroup;
			children = (
				85A953A12B0C463200504FCE /* tAivon.app */,
				85A953B72B0C463400504FCE /* tAivonTests.xctest */,
				85A953C12B0C463500504FCE /* tAivonUITests.xctest */,
			);
			name = Products;
			sourceTree = "<group>";
		};
		85A953A32B0C463200504FCE /* tAivon */ = {
			isa = PBXGroup;
			children = (
				85A953A42B0C463200504FCE /* tAivonApp.swift */,
				85A953A62B0C463200504FCE /* Persistence.swift */,
				85A953AB2B0C463200504FCE /* ContentView.swift */,
				85A953AD2B0C463400504FCE /* Assets.xcassets */,
				85A953AF2B0C463400504FCE /* tAivon.entitlements */,
				85A953A82B0C463200504FCE /* tAivon.xcdatamodeld */,
				85A953B02B0C463400504FCE /* Preview Content */,
			);
			path = tAivon;
			sourceTree = "<group>";
		};
		85A953B02B0C463400504FCE /* Preview Content */ = {
			isa = PBXGroup;
			children = (
				85A953B12B0C463400504FCE /* Preview Assets.xcassets */,
			);
			path = "Preview Content";
			sourceTree = "<group>";
		};
		85A953BA2B0C463400504FCE /* tAivonTests */ = {
			isa = PBXGroup;
			children = (
				85A953BB2B0C463400504FCE /* tAivonTests.swift */,
			);
			path = tAivonTests;
			sourceTree = "<group>";
		};
		85A953C42B0C463500504FCE /* tAivonUITests */ = {
			isa = PBXGroup;
			children = (
				85A953C52B0C463500504FCE /* tAivonUITests.swift */,
				85A953C72B0C463500504FCE /* tAivonUITestsLaunchTests.swift */,
			);
			path = tAivonUITests;
			sourceTree = "<group>";
		};
/* End PBXGroup section */

/* Begin PBXNativeTarget section */
		85A953A02B0C463200504FCE /* tAivon */ = {
			isa = PBXNativeTarget;
			buildConfigurationList = 85A953CB2B0C463500504FCE /* Build configuration list for PBXNativeTarget "tAivon" */;
			buildPhases = (
				85A9539D2B0C463200504FCE /* Sources */,
				85A9539E2B0C463200504FCE /* Frameworks */,
				85A9539F2B0C463200504FCE /* Resources */,
			);
			buildRules = (
			);
			dependencies = (
			);
			name = tAivon;
			productName = tAivon;
			productReference = 85A953A12B0C463200504FCE /* tAivon.app */;
			productType = "com.apple.product-type.application";
		};
		85A953B62B0C463400504FCE /* tAivonTests */ = {
			isa = PBXNativeTarget;
			buildConfigurationList = 85A953CE2B0C463500504FCE /* Build configuration list for PBXNativeTarget "tAivonTests" */;
			buildPhases = (
				85A953B32B0C463400504FCE /* Sources */,
				85A953B42B0C463400504FCE /* Frameworks */,
				85A953B52B0C463400504FCE /* Resources */,
			);
			buildRules = (
			);
			dependencies = (
				85A953B92B0C463400504FCE /* PBXTargetDependency */,
			);
			name = tAivonTests;
			productName = tAivonTests;
			productReference = 85A953B72B0C463400504FCE /* tAivonTests.xctest */;
			productType = "com.apple.product-type.bundle.unit-test";
		};
		85A953C02B0C463500504FCE /* tAivonUITests */ = {
			isa = PBXNativeTarget;
			buildConfigurationList = 85A953D12B0C463500504FCE /* Build configuration list for PBXNativeTarget "tAivonUITests" */;
			buildPhases = (
				85A953BD2B0C463500504FCE /* Sources */,
				85A953BE2B0C463500504FCE /* Frameworks */,
				85A953BF2B0C463500504FCE /* Resources */,
			);
			buildRules = (
			);
			dependencies = (
				85A953C32B0C463500504FCE /* PBXTargetDependency */,
			);
			name = tAivonUITests;
			productName = tAivonUITests;
			productReference = 85A953C12B0C463500504FCE /* tAivonUITests.xctest */;
			productType = "com.apple.product-type.bundle.ui-testing";
		};
/* End PBXNativeTarget section */

/* Begin PBXProject section */
		85A953992B0C463200504FCE /* Project object */ = {
			isa = PBXProject;
			attributes = {
				BuildIndependentTargetsInParallel = 1;
				LastSwiftUpdateCheck = 1420;
				LastUpgradeCheck = 1420;
				TargetAttributes = {
					85A953A02B0C463200504FCE = {
						CreatedOnToolsVersion = 14.2;
					};
					85A953B62B0C463400504FCE = {
						CreatedOnToolsVersion = 14.2;
						TestTargetID = 85A953A02B0C463200504FCE;
					};
					85A953C02B0C463500504FCE = {
						CreatedOnToolsVersion = 14.2;
						TestTargetID = 85A953A02B0C463200504FCE;
					};
				};
			};
			buildConfigurationList = 85A9539C2B0C463200504FCE /* Build configuration list for PBXProject "tAivon" */;
			compatibilityVersion = "Xcode 14.0";
			developmentRegion = en;
			hasScannedForEncodings = 0;
			knownRegions = (
				en,
				Base,
			);
			mainGroup = 85A953982B0C463200504FCE;
			productRefGroup = 85A953A22B0C463200504FCE /* Products */;
			projectDirPath = "";
			projectRoot = "";
			targets = (
				85A953A02B0C463200504FCE /* tAivon */,
				85A953B62B0C463400504FCE /* tAivonTests */,
				85A953C02B0C463500504FCE /* tAivonUITests */,
			);
		};
/* End PBXProject section */

/* Begin PBXResourcesBuildPhase section */
		85A9539F2B0C463200504FCE /* Resources */ = {
			isa = PBXResourcesBuildPhase;
			buildActionMask = 2147483647;
			files = (
				85A953B22B0C463400504FCE /* Preview Assets.xcassets in Resources */,
				85A953AE2B0C463400504FCE /* Assets.xcassets in Resources */,
			);
			runOnlyForDeploymentPostprocessing = 0;
		};
		85A953B52B0C463400504FCE /* Resources */ = {
			isa = PBXResourcesBuildPhase;
			buildActionMask = 2147483647;
			files = (
			);
			runOnlyForDeploymentPostprocessing = 0;
		};
		85A953BF2B0C463500504FCE /* Resources */ = {
			isa = PBXResourcesBuildPhase;
			buildActionMask = 2147483647;
			files = (
			);
			runOnlyForDeploymentPostprocessing = 0;
		};
/* End PBXResourcesBuildPhase section */

/* Begin PBXSourcesBuildPhase section */
		85A9539D2B0C463200504FCE /* Sources */ = {
			isa = PBXSourcesBuildPhase;
			buildActionMask = 2147483647;
			files = (
				85A953AA2B0C463200504FCE /* tAivon.xcdatamodeld in Sources */,
				85A953A52B0C463200504FCE /* tAivonApp.swift in Sources */,
				85A953AC2B0C463200504FCE /* ContentView.swift in Sources */,
				85A953A72B0C463200504FCE /* Persistence.swift in Sources */,
			);
			runOnlyForDeploymentPostprocessing = 0;
		};
		85A953B32B0C463400504FCE /* Sources */ = {
			isa = PBXSourcesBuildPhase;
			buildActionMask = 2147483647;
			files = (
				85A953BC2B0C463400504FCE /* tAivonTests.swift in Sources */,
			);
			runOnlyForDeploymentPostprocessing = 0;
		};
		85A953BD2B0C463500504FCE /* Sources */ = {
			isa = PBXSourcesBuildPhase;
			buildActionMask = 2147483647;
			files = (
				85A953C62B0C463500504FCE /* tAivonUITests.swift in Sources */,
				85A953C82B0C463500504FCE /* tAivonUITestsLaunchTests.swift in Sources */,
			);
			runOnlyForDeploymentPostprocessing = 0;
		};
/* End PBXSourcesBuildPhase section */

/* Begin PBXTargetDependency section */
		85A953B92B0C463400504FCE /* PBXTargetDependency */ = {
			isa = PBXTargetDependency;
			target = 85A953A02B0C463200504FCE /* tAivon */;
			targetProxy = 85A953B82B0C463400504FCE /* PBXContainerItemProxy */;
		};
		85A953C32B0C463500504FCE /* PBXTargetDependency */ = {
			isa = PBXTargetDependency;
			target = 85A953A02B0C463200504FCE /* tAivon */;
			targetProxy = 85A953C22B0C463500504FCE /* PBXContainerItemProxy */;
		};
/* End PBXTargetDependency section */

/* Begin XCBuildConfiguration section */
		85A953C92B0C463500504FCE /* Debug */ = {
			isa = XCBuildConfiguration;
			buildSettings = {
				ALWAYS_SEARCH_USER_PATHS = NO;
				CLANG_ANALYZER_NONNULL = YES;
				CLANG_ANALYZER_NUMBER_OBJECT_CONVERSION = YES_AGGRESSIVE;
				CLANG_CXX_LANGUAGE_STANDARD = "gnu++20";
				CLANG_ENABLE_MODULES = YES;
				CLANG_ENABLE_OBJC_ARC = YES;
				CLANG_ENABLE_OBJC_WEAK = YES;
				CLANG_WARN_BLOCK_CAPTURE_AUTORELEASING = YES;
				CLANG_WARN_BOOL_CONVERSION = YES;
				CLANG_WARN_COMMA = YES;
				CLANG_WARN_CONSTANT_CONVERSION = YES;
				CLANG_WARN_DEPRECATED_OBJC_IMPLEMENTATIONS = YES;
				CLANG_WARN_DIRECT_OBJC_ISA_USAGE = YES_ERROR;
				CLANG_WARN_DOCUMENTATION_COMMENTS = YES;
				CLANG_WARN_EMPTY_BODY = YES;
				CLANG_WARN_ENUM_CONVERSION = YES;
				CLANG_WARN_INFINITE_RECURSION = YES;
				CLANG_WARN_INT_CONVERSION = YES;
				CLANG_WARN_NON_LITERAL_NULL_CONVERSION = YES;
				CLANG_WARN_OBJC_IMPLICIT_RETAIN_SELF = YES;
				CLANG_WARN_OBJC_LITERAL_CONVERSION = YES;
				CLANG_WARN_OBJC_ROOT_CLASS = YES_ERROR;
				CLANG_WARN_QUOTED_INCLUDE_IN_FRAMEWORK_HEADER = YES;
				CLANG_WARN_RANGE_LOOP_ANALYSIS = YES;
				CLANG_WARN_STRICT_PROTOTYPES = YES;
				CLANG_WARN_SUSPICIOUS_MOVE = YES;
				CLANG_WARN_UNGUARDED_AVAILABILITY = YES_AGGRESSIVE;
				CLANG_WARN_UNREACHABLE_CODE = YES;
				CLANG_WARN__DUPLICATE_METHOD_MATCH = YES;
				COPY_PHASE_STRIP = NO;
				DEBUG_INFORMATION_FORMAT = dwarf;
				ENABLE_STRICT_OBJC_MSGSEND = YES;
				ENABLE_TESTABILITY = YES;
				GCC_C_LANGUAGE_STANDARD = gnu11;
				GCC_DYNAMIC_NO_PIC = NO;
				GCC_NO_COMMON_BLOCKS = YES;
				GCC_OPTIMIZATION_LEVEL = 0;
				GCC_PREPROCESSOR_DEFINITIONS = (
					"DEBUG=1",
					"$(inherited)",
				);
				GCC_WARN_64_TO_32_BIT_CONVERSION = YES;
				GCC_WARN_ABOUT_RETURN_TYPE = YES_ERROR;
				GCC_WARN_UNDECLARED_SELECTOR = YES;
				GCC_WARN_UNINITIALIZED_AUTOS = YES_AGGRESSIVE;
				GCC_WARN_UNUSED_FUNCTION = YES;
				GCC_WARN_UNUSED_VARIABLE = YES;
				MTL_ENABLE_DEBUG_INFO = INCLUDE_SOURCE;
				MTL_FAST_MATH = YES;
				ONLY_ACTIVE_ARCH = YES;
				SWIFT_ACTIVE_COMPILATION_CONDITIONS = DEBUG;
				SWIFT_OPTIMIZATION_LEVEL = "-Onone";
			};
			name = Debug;
		};
		85A953CA2B0C463500504FCE /* Release */ = {
			isa = XCBuildConfiguration;
			buildSettings = {
				ALWAYS_SEARCH_USER_PATHS = NO;
				CLANG_ANALYZER_NONNULL = YES;
				CLANG_ANALYZER_NUMBER_OBJECT_CONVERSION = YES_AGGRESSIVE;
				CLANG_CXX_LANGUAGE_STANDARD = "gnu++20";
				CLANG_ENABLE_MODULES = YES;
				CLANG_ENABLE_OBJC_ARC = YES;
				CLANG_ENABLE_OBJC_WEAK = YES;
				CLANG_WARN_BLOCK_CAPTURE_AUTORELEASING = YES;
				CLANG_WARN_BOOL_CONVERSION = YES;
				CLANG_WARN_COMMA = YES;
				CLANG_WARN_CONSTANT_CONVERSION = YES;
				CLANG_WARN_DEPRECATED_OBJC_IMPLEMENTATIONS = YES;
				CLANG_WARN_DIRECT_OBJC_ISA_USAGE = YES_ERROR;
				CLANG_WARN_DOCUMENTATION_COMMENTS = YES;
				CLANG_WARN_EMPTY_BODY = YES;
				CLANG_WARN_ENUM_CONVERSION = YES;
				CLANG_WARN_INFINITE_RECURSION = YES;
				CLANG_WARN_INT_CONVERSION = YES;
				CLANG_WARN_NON_LITERAL_NULL_CONVERSION = YES;
				CLANG_WARN_OBJC_IMPLICIT_RETAIN_SELF = YES;
				CLANG_WARN_OBJC_LITERAL_CONVERSION = YES;
				CLANG_WARN_OBJC_ROOT_CLASS = YES_ERROR;
				CLANG_WARN_QUOTED_INCLUDE_IN_FRAMEWORK_HEADER = YES;
				CLANG_WARN_RANGE_LOOP_ANALYSIS = YES;
				CLANG_WARN_STRICT_PROTOTYPES = YES;
				CLANG_WARN_SUSPICIOUS_MOVE = YES;
				CLANG_WARN_UNGUARDED_AVAILABILITY = YES_AGGRESSIVE;
				CLANG_WARN_UNREACHABLE_CODE = YES;
				CLANG_WARN__DUPLICATE_METHOD_MATCH = YES;
				COPY_PHASE_STRIP = NO;
				DEBUG_INFORMATION_FORMAT = "dwarf-with-dsym";
				ENABLE_NS_ASSERTIONS = NO;
				ENABLE_STRICT_OBJC_MSGSEND = YES;
				GCC_C_LANGUAGE_STANDARD = gnu11;
				GCC_NO_COMMON_BLOCKS = YES;
				GCC_WARN_64_TO_32_BIT_CONVERSION = YES;
				GCC_WARN_ABOUT_RETURN_TYPE = YES_ERROR;
				GCC_WARN_UNDECLARED_SELECTOR = YES;
				GCC_WARN_UNINITIALIZED_AUTOS = YES_AGGRESSIVE;
				GCC_WARN_UNUSED_FUNCTION = YES;
				GCC_WARN_UNUSED_VARIABLE = YES;
				MTL_ENABLE_DEBUG_INFO = NO;
				MTL_FAST_MATH = YES;
				SWIFT_COMPILATION_MODE = wholemodule;
				SWIFT_OPTIMIZATION_LEVEL = "-O";
			};
			name = Release;
		};
		85A953CC2B0C463500504FCE /* Debug */ = {
			isa = XCBuildConfiguration;
			buildSettings = {
				ASSETCATALOG_COMPILER_APPICON_NAME = AppIcon;
				ASSETCATALOG_COMPILER_GLOBAL_ACCENT_COLOR_NAME = AccentColor;
				CODE_SIGN_ENTITLEMENTS = tAivon/tAivon.entitlements;
				CODE_SIGN_STYLE = Automatic;
				CURRENT_PROJECT_VERSION = 1;
				DEVELOPMENT_ASSET_PATHS = "\"tAivon/Preview Content\"";
				ENABLE_PREVIEWS = YES;
				GENERATE_INFOPLIST_FILE = YES;
				"INFOPLIST_KEY_UIApplicationSceneManifest_Generation[sdk=iphoneos*]" = YES;
				"INFOPLIST_KEY_UIApplicationSceneManifest_Generation[sdk=iphonesimulator*]" = YES;
				"INFOPLIST_KEY_UIApplicationSupportsIndirectInputEvents[sdk=iphoneos*]" = YES;
				"INFOPLIST_KEY_UIApplicationSupportsIndirectInputEvents[sdk=iphonesimulator*]" = YES;
				"INFOPLIST_KEY_UILaunchScreen_Generation[sdk=iphoneos*]" = YES;
				"INFOPLIST_KEY_UILaunchScreen_Generation[sdk=iphonesimulator*]" = YES;
				"INFOPLIST_KEY_UIStatusBarStyle[sdk=iphoneos*]" = UIStatusBarStyleDefault;
				"INFOPLIST_KEY_UIStatusBarStyle[sdk=iphonesimulator*]" = UIStatusBarStyleDefault;
				INFOPLIST_KEY_UISupportedInterfaceOrientations_iPad = "UIInterfaceOrientationPortrait UIInterfaceOrientationPortraitUpsideDown UIInterfaceOrientationLandscapeLeft UIInterfaceOrientationLandscapeRight";
				INFOPLIST_KEY_UISupportedInterfaceOrientations_iPhone = "UIInterfaceOrientationPortrait UIInterfaceOrientationLandscapeLeft UIInterfaceOrientationLandscapeRight";
				IPHONEOS_DEPLOYMENT_TARGET = 16.2;
				LD_RUNPATH_SEARCH_PATHS = "@executable_path/Frameworks";
				"LD_RUNPATH_SEARCH_PATHS[sdk=macosx*]" = "@executable_path/../Frameworks";
				MACOSX_DEPLOYMENT_TARGET = 12.7;
				MARKETING_VERSION = 1.0;
				PRODUCT_BUNDLE_IDENTIFIER = frontend720.tAivon;
				PRODUCT_NAME = "$(TARGET_NAME)";
				SDKROOT = auto;
				SUPPORTED_PLATFORMS = "iphoneos iphonesimulator macosx";
				SWIFT_EMIT_LOC_STRINGS = YES;
				SWIFT_VERSION = 5.0;
				TARGETED_DEVICE_FAMILY = "1,2";
			};
			name = Debug;
		};
		85A953CD2B0C463500504FCE /* Release */ = {
			isa = XCBuildConfiguration;
			buildSettings = {
				ASSETCATALOG_COMPILER_APPICON_NAME = AppIcon;
				ASSETCATALOG_COMPILER_GLOBAL_ACCENT_COLOR_NAME = AccentColor;
				CODE_SIGN_ENTITLEMENTS = tAivon/tAivon.entitlements;
				CODE_SIGN_STYLE = Automatic;
				CURRENT_PROJECT_VERSION = 1;
				DEVELOPMENT_ASSET_PATHS = "\"tAivon/Preview Content\"";
				ENABLE_PREVIEWS = YES;
				GENERATE_INFOPLIST_FILE = YES;
				"INFOPLIST_KEY_UIApplicationSceneManifest_Generation[sdk=iphoneos*]" = YES;
				"INFOPLIST_KEY_UIApplicationSceneManifest_Generation[sdk=iphonesimulator*]" = YES;
				"INFOPLIST_KEY_UIApplicationSupportsIndirectInputEvents[sdk=iphoneos*]" = YES;
				"INFOPLIST_KEY_UIApplicationSupportsIndirectInputEvents[sdk=iphonesimulator*]" = YES;
				"INFOPLIST_KEY_UILaunchScreen_Generation[sdk=iphoneos*]" = YES;
				"INFOPLIST_KEY_UILaunchScreen_Generation[sdk=iphonesimulator*]" = YES;
				"INFOPLIST_KEY_UIStatusBarStyle[sdk=iphoneos*]" = UIStatusBarStyleDefault;
				"INFOPLIST_KEY_UIStatusBarStyle[sdk=iphonesimulator*]" = UIStatusBarStyleDefault;
				INFOPLIST_KEY_UISupportedInterfaceOrientations_iPad = "UIInterfaceOrientationPortrait UIInterfaceOrientationPortraitUpsideDown UIInterfaceOrientationLandscapeLeft UIInterfaceOrientationLandscapeRight";
				INFOPLIST_KEY_UISupportedInterfaceOrientations_iPhone = "UIInterfaceOrientationPortrait UIInterfaceOrientationLandscapeLeft UIInterfaceOrientationLandscapeRight";
				IPHONEOS_DEPLOYMENT_TARGET = 16.2;
				LD_RUNPATH_SEARCH_PATHS = "@executable_path/Frameworks";
				"LD_RUNPATH_SEARCH_PATHS[sdk=macosx*]" = "@executable_path/../Frameworks";
				MACOSX_DEPLOYMENT_TARGET = 12.7;
				MARKETING_VERSION = 1.0;
				PRODUCT_BUNDLE_IDENTIFIER = frontend720.tAivon;
				PRODUCT_NAME = "$(TARGET_NAME)";
				SDKROOT = auto;
				SUPPORTED_PLATFORMS = "iphoneos iphonesimulator macosx";
				SWIFT_EMIT_LOC_STRINGS = YES;
				SWIFT_VERSION = 5.0;
				TARGETED_DEVICE_FAMILY = "1,2";
			};
			name = Release;
		};
		85A953CF2B0C463500504FCE /* Debug */ = {
			isa = XCBuildConfiguration;
			buildSettings = {
				ALWAYS_EMBED_SWIFT_STANDARD_LIBRARIES = YES;
				BUNDLE_LOADER = "$(TEST_HOST)";
				CODE_SIGN_STYLE = Automatic;
				CURRENT_PROJECT_VERSION = 1;
				GENERATE_INFOPLIST_FILE = YES;
				IPHONEOS_DEPLOYMENT_TARGET = 16.2;
				MACOSX_DEPLOYMENT_TARGET = 12.7;
				MARKETING_VERSION = 1.0;
				PRODUCT_BUNDLE_IDENTIFIER = frontend720.tAivonTests;
				PRODUCT_NAME = "$(TARGET_NAME)";
				SDKROOT = auto;
				SUPPORTED_PLATFORMS = "iphoneos iphonesimulator macosx";
				SWIFT_EMIT_LOC_STRINGS = NO;
				SWIFT_VERSION = 5.0;
				TARGETED_DEVICE_FAMILY = "1,2";
				TEST_HOST = "$(BUILT_PRODUCTS_DIR)/tAivon.app/$(BUNDLE_EXECUTABLE_FOLDER_PATH)/tAivon";
			};
			name = Debug;
		};
		85A953D02B0C463500504FCE /* Release */ = {
			isa = XCBuildConfiguration;
			buildSettings = {
				ALWAYS_EMBED_SWIFT_STANDARD_LIBRARIES = YES;
				BUNDLE_LOADER = "$(TEST_HOST)";
				CODE_SIGN_STYLE = Automatic;
				CURRENT_PROJECT_VERSION = 1;
				GENERATE_INFOPLIST_FILE = YES;
				IPHONEOS_DEPLOYMENT_TARGET = 16.2;
				MACOSX_DEPLOYMENT_TARGET = 12.7;
				MARKETING_VERSION = 1.0;
				PRODUCT_BUNDLE_IDENTIFIER = frontend720.tAivonTests;
				PRODUCT_NAME = "$(TARGET_NAME)";
				SDKROOT = auto;
				SUPPORTED_PLATFORMS = "iphoneos iphonesimulator macosx";
				SWIFT_EMIT_LOC_STRINGS = NO;
				SWIFT_VERSION = 5.0;
				TARGETED_DEVICE_FAMILY = "1,2";
				TEST_HOST = "$(BUILT_PRODUCTS_DIR)/tAivon.app/$(BUNDLE_EXECUTABLE_FOLDER_PATH)/tAivon";
			};
			name = Release;
		};
		85A953D22B0C463500504FCE /* Debug */ = {
			isa = XCBuildConfiguration;
			buildSettings = {
				ALWAYS_EMBED_SWIFT_STANDARD_LIBRARIES = YES;
				CODE_SIGN_STYLE = Automatic;
				CURRENT_PROJECT_VERSION = 1;
				GENERATE_INFOPLIST_FILE = YES;
				IPHONEOS_DEPLOYMENT_TARGET = 16.2;
				MACOSX_DEPLOYMENT_TARGET = 12.7;
				MARKETING_VERSION = 1.0;
				PRODUCT_BUNDLE_IDENTIFIER = frontend720.tAivonUITests;
				PRODUCT_NAME = "$(TARGET_NAME)";
				SDKROOT = auto;
				SUPPORTED_PLATFORMS = "iphoneos iphonesimulator macosx";
				SWIFT_EMIT_LOC_STRINGS = NO;
				SWIFT_VERSION = 5.0;
				TARGETED_DEVICE_FAMILY = "1,2";
				TEST_TARGET_NAME = tAivon;
			};
			name = Debug;
		};
		85A953D32B0C463500504FCE /* Release */ = {
			isa = XCBuildConfiguration;
			buildSettings = {
				ALWAYS_EMBED_SWIFT_STANDARD_LIBRARIES = YES;
				CODE_SIGN_STYLE = Automatic;
				CURRENT_PROJECT_VERSION = 1;
				GENERATE_INFOPLIST_FILE = YES;
				IPHONEOS_DEPLOYMENT_TARGET = 16.2;
				MACOSX_DEPLOYMENT_TARGET = 12.7;
				MARKETING_VERSION = 1.0;
				PRODUCT_BUNDLE_IDENTIFIER = frontend720.tAivonUITests;
				PRODUCT_NAME = "$(TARGET_NAME)";
				SDKROOT = auto;
				SUPPORTED_PLATFORMS = "iphoneos iphonesimulator macosx";
				SWIFT_EMIT_LOC_STRINGS = NO;
				SWIFT_VERSION = 5.0;
				TARGETED_DEVICE_FAMILY = "1,2";
				TEST_TARGET_NAME = tAivon;
			};
			name = Release;
		};
/* End XCBuildConfiguration section */

/* Begin XCConfigurationList section */
		85A9539C2B0C463200504FCE /* Build configuration list for PBXProject "tAivon" */ = {
			isa = XCConfigurationList;
			buildConfigurations = (
				85A953C92B0C463500504FCE /* Debug */,
				85A953CA2B0C463500504FCE /* Release */,
			);
			defaultConfigurationIsVisible = 0;
			defaultConfigurationName = Release;
		};
		85A953CB2B0C463500504FCE /* Build configuration list for PBXNativeTarget "tAivon" */ = {
			isa = XCConfigurationList;
			buildConfigurations = (
				85A953CC2B0C463500504FCE /* Debug */,
				85A953CD2B0C463500504FCE /* Release */,
			);
			defaultConfigurationIsVisible = 0;
			defaultConfigurationName = Release;
		};
		85A953CE2B0C463500504FCE /* Build configuration list for PBXNativeTarget "tAivonTests" */ = {
			isa = XCConfigurationList;
			buildConfigurations = (
				85A953CF2B0C463500504FCE /* Debug */,
				85A953D02B0C463500504FCE /* Release */,
			);
			defaultConfigurationIsVisible = 0;
			defaultConfigurationName = Release;
		};
		85A953D12B0C463500504FCE /* Build configuration list for PBXNativeTarget "tAivonUITests" */ = {
			isa = XCConfigurationList;
			buildConfigurations = (
				85A953D22B0C463500504FCE /* Debug */,
				85A953D32B0C463500504FCE /* Release */,
			);
			defaultConfigurationIsVisible = 0;
			defaultConfigurationName = Release;
		};
/* End XCConfigurationList section */

/* Begin XCVersionGroup section */
		85A953A82B0C463200504FCE /* tAivon.xcdatamodeld */ = {
			isa = XCVersionGroup;
			children = (
				85A953A92B0C463200504FCE /* tAivon.xcdatamodel */,
			);
			currentVersion = 85A953A92B0C463200504FCE /* tAivon.xcdatamodel */;
			path = tAivon.xcdatamodeld;
			sourceTree = "<group>";
			versionGroupType = wrapper.xcdatamodel;
		};
/* End XCVersionGroup section */
	};
	rootObject = 85A953992B0C463200504FCE /* Project object */;
}
